
Microsoft Visual Studio Solution File, Format Version 12.00
# Visual Studio Version 17
VisualStudioVersion = 17.3.32811.315
MinimumVisualStudioVersion = 10.0.40219.1
Project("{FAE04EC0-301F-11D3-BF4B-00C04F79EFBC}") = "Day16Assignment", "Day16Assignment.csproj", "{286841C5-EDC0-4253-A2BC-4C393727794C}"
EndProject
Global
	GlobalSection(SolutionConfigurationPlatforms) = preSolution
		Debug|Any CPU = Debug|Any CPU
		Release|Any CPU = Release|Any CPU
	EndGlobalSection
	GlobalSection(ProjectConfigurationPlatforms) = postSolution
		{286841C5-EDC0-4253-A2BC-4C393727794C}.Debug|Any CPU.ActiveCfg = Debug|Any CPU
		{286841C5-EDC0-4253-A2BC-4C393727794C}.Debug|Any CPU.Build.0 = Debug|Any CPU
		{286841C5-EDC0-4253-A2BC-4C393727794C}.Release|Any CPU.ActiveCfg = Release|Any CPU
		{286841C5-EDC0-4253-A2BC-4C393727794C}.Release|Any CPU.Build.0 = Release|Any CPU
	EndGlobalSection
	GlobalSection(SolutionProperties) = preSolution
		HideSolutionNode = FALSE
	EndGlobalSection
	GlobalSection(ExtensibilityGlobals) = postSolution
		SolutionGuid = {4F01D24D-055C-4885-B289-EBEB2619C2B2}
	EndGlobalSection
EndGlobal
